
Microsoft Visual Studio Solution File, Format Version 12.00
# Visual Studio Version 17
VisualStudioVersion = 17.3.32929.385
MinimumVisualStudioVersion = 10.0.40219.1
Project("{FAE04EC0-301F-11D3-BF4B-00C04F79EFBC}") = "infinity-rpc", "infinity-rpc.csproj", "{8EADC7C1-42C1-4204-8B97-14A9393459A5}"
EndProject
Global
	GlobalSection(SolutionConfigurationPlatforms) = preSolution
		Debug|Any CPU = Debug|Any CPU
		Release|Any CPU = Release|Any CPU
	EndGlobalSection
	GlobalSection(ProjectConfigurationPlatforms) = postSolution
		{8EADC7C1-42C1-4204-8B97-14A9393459A5}.Debug|Any CPU.ActiveCfg = Debug|Any CPU
		{8EADC7C1-42C1-4204-8B97-14A9393459A5}.Debug|Any CPU.Build.0 = Debug|Any CPU
		{8EADC7C1-42C1-4204-8B97-14A9393459A5}.Release|Any CPU.ActiveCfg = Release|Any CPU
		{8EADC7C1-42C1-4204-8B97-14A9393459A5}.Release|Any CPU.Build.0 = Release|Any CPU
	EndGlobalSection
	GlobalSection(SolutionProperties) = preSolution
		HideSolutionNode = FALSE
	EndGlobalSection
	GlobalSection(ExtensibilityGlobals) = postSolution
		SolutionGuid = {9CAC14DE-C826-4FA8-9A0F-6AF86AAA84DE}
	EndGlobalSection
EndGlobal
